
Microsoft Visual Studio Solution File, Format Version 12.00
# Visual Studio Version 17
VisualStudioVersion = 17.3.32922.545
MinimumVisualStudioVersion = 10.0.40219.1
Project("{FAE04EC0-301F-11D3-BF4B-00C04F79EFBC}") = "LiftMeUp2", "LiftMeUp2.csproj", "{95635D79-1D53-4EB0-9E43-5F596537818B}"
EndProject
Global
	GlobalSection(SolutionConfigurationPlatforms) = preSolution
		Debug|Any CPU = Debug|Any CPU
		Release|Any CPU = Release|Any CPU
	EndGlobalSection
	GlobalSection(ProjectConfigurationPlatforms) = postSolution
		{95635D79-1D53-4EB0-9E43-5F596537818B}.Debug|Any CPU.ActiveCfg = Debug|Any CPU
		{95635D79-1D53-4EB0-9E43-5F596537818B}.Debug|Any CPU.Build.0 = Debug|Any CPU
		{95635D79-1D53-4EB0-9E43-5F596537818B}.Release|Any CPU.ActiveCfg = Release|Any CPU
		{95635D79-1D53-4EB0-9E43-5F596537818B}.Release|Any CPU.Build.0 = Release|Any CPU
	EndGlobalSection
	GlobalSection(SolutionProperties) = preSolution
		HideSolutionNode = FALSE
	EndGlobalSection
	GlobalSection(ExtensibilityGlobals) = postSolution
		SolutionGuid = {ABFC55CD-472F-4834-93D2-D237B9534A13}
	EndGlobalSection
EndGlobal
